
Microsoft Visual Studio Solution File, Format Version 12.00
# Visual Studio Version 16
VisualStudioVersion = 16.0.31321.278
MinimumVisualStudioVersion = 10.0.40219.1
Project("{FAE04EC0-301F-11D3-BF4B-00C04F79EFBC}") = "PPSMonoGame", "PPSMonoGame\PPSMonoGame.csproj", "{E96E62DC-562B-4D0E-8971-00F56DE2CDD9}"
EndProject
Project("{FAE04EC0-301F-11D3-BF4B-00C04F79EFBC}") = "PrimordialParticleSystems", "PrimordialParticleSystems\PrimordialParticleSystems.csproj", "{F054A88F-4102-4CD6-A6BE-5E94573ADD5A}"
EndProject
Global
	GlobalSection(SolutionConfigurationPlatforms) = preSolution
		Debug|Any CPU = Debug|Any CPU
		Release|Any CPU = Release|Any CPU
	EndGlobalSection
	GlobalSection(ProjectConfigurationPlatforms) = postSolution
		{E96E62DC-562B-4D0E-8971-00F56DE2CDD9}.Debug|Any CPU.ActiveCfg = Debug|Any CPU
		{E96E62DC-562B-4D0E-8971-00F56DE2CDD9}.Debug|Any CPU.Build.0 = Debug|Any CPU
		{E96E62DC-562B-4D0E-8971-00F56DE2CDD9}.Release|Any CPU.ActiveCfg = Release|Any CPU
		{E96E62DC-562B-4D0E-8971-00F56DE2CDD9}.Release|Any CPU.Build.0 = Release|Any CPU
		{F054A88F-4102-4CD6-A6BE-5E94573ADD5A}.Debug|Any CPU.ActiveCfg = Debug|Any CPU
		{F054A88F-4102-4CD6-A6BE-5E94573ADD5A}.Debug|Any CPU.Build.0 = Debug|Any CPU
		{F054A88F-4102-4CD6-A6BE-5E94573ADD5A}.Release|Any CPU.ActiveCfg = Release|Any CPU
		{F054A88F-4102-4CD6-A6BE-5E94573ADD5A}.Release|Any CPU.Build.0 = Release|Any CPU
	EndGlobalSection
	GlobalSection(SolutionProperties) = preSolution
		HideSolutionNode = FALSE
	EndGlobalSection
	GlobalSection(ExtensibilityGlobals) = postSolution
		SolutionGuid = {BC7C7BA4-7EFA-4519-AC68-135543AEFFE8}
	EndGlobalSection
EndGlobal
